
Microsoft Visual Studio Solution File, Format Version 12.00
# Visual Studio Version 16
VisualStudioVersion = 16.0.32002.261
MinimumVisualStudioVersion = 10.0.40219.1
Project("{FAE04EC0-301F-11D3-BF4B-00C04F79EFBC}") = "PysideAutoConvert", "PysideAutoConvert\PysideAutoConvert.csproj", "{14D789F0-4C38-42E7-B83D-FC4394DF50CA}"
EndProject
Global
	GlobalSection(SolutionConfigurationPlatforms) = preSolution
		Debug|Any CPU = Debug|Any CPU
		Release|Any CPU = Release|Any CPU
	EndGlobalSection
	GlobalSection(ProjectConfigurationPlatforms) = postSolution
		{14D789F0-4C38-42E7-B83D-FC4394DF50CA}.Debug|Any CPU.ActiveCfg = Debug|Any CPU
		{14D789F0-4C38-42E7-B83D-FC4394DF50CA}.Debug|Any CPU.Build.0 = Debug|Any CPU
		{14D789F0-4C38-42E7-B83D-FC4394DF50CA}.Release|Any CPU.ActiveCfg = Release|Any CPU
		{14D789F0-4C38-42E7-B83D-FC4394DF50CA}.Release|Any CPU.Build.0 = Release|Any CPU
	EndGlobalSection
	GlobalSection(SolutionProperties) = preSolution
		HideSolutionNode = FALSE
	EndGlobalSection
	GlobalSection(ExtensibilityGlobals) = postSolution
		SolutionGuid = {92E76501-61E9-4358-A512-101797A8BE1E}
	EndGlobalSection
EndGlobal
